
Microsoft Visual Studio Solution File, Format Version 12.00
# Visual Studio Version 16
VisualStudioVersion = 16.0.31515.178
MinimumVisualStudioVersion = 10.0.40219.1
Project("{FAE04EC0-301F-11D3-BF4B-00C04F79EFBC}") = "coupon", "coupon\coupon.csproj", "{77BDADAE-1D7F-474D-8198-98EAC9518961}"
EndProject
Global
	GlobalSection(SolutionConfigurationPlatforms) = preSolution
		Debug|Any CPU = Debug|Any CPU
		Release|Any CPU = Release|Any CPU
	EndGlobalSection
	GlobalSection(ProjectConfigurationPlatforms) = postSolution
		{77BDADAE-1D7F-474D-8198-98EAC9518961}.Debug|Any CPU.ActiveCfg = Debug|Any CPU
		{77BDADAE-1D7F-474D-8198-98EAC9518961}.Debug|Any CPU.Build.0 = Debug|Any CPU
		{77BDADAE-1D7F-474D-8198-98EAC9518961}.Release|Any CPU.ActiveCfg = Release|Any CPU
		{77BDADAE-1D7F-474D-8198-98EAC9518961}.Release|Any CPU.Build.0 = Release|Any CPU
	EndGlobalSection
	GlobalSection(SolutionProperties) = preSolution
		HideSolutionNode = FALSE
	EndGlobalSection
	GlobalSection(ExtensibilityGlobals) = postSolution
		SolutionGuid = {F12AEC2F-514B-426F-9ABB-8D6EE60F1148}
	EndGlobalSection
EndGlobal
