
Microsoft Visual Studio Solution File, Format Version 12.00
# Visual Studio Version 16
VisualStudioVersion = 16.0.31515.178
MinimumVisualStudioVersion = 10.0.40219.1
Project("{FAE04EC0-301F-11D3-BF4B-00C04F79EFBC}") = "primeNumber", "primeNumber\primeNumber.csproj", "{42D1D60E-7B17-4B45-A5A4-DA25E1B7FE1F}"
EndProject
Global
	GlobalSection(SolutionConfigurationPlatforms) = preSolution
		Debug|Any CPU = Debug|Any CPU
		Release|Any CPU = Release|Any CPU
	EndGlobalSection
	GlobalSection(ProjectConfigurationPlatforms) = postSolution
		{42D1D60E-7B17-4B45-A5A4-DA25E1B7FE1F}.Debug|Any CPU.ActiveCfg = Debug|Any CPU
		{42D1D60E-7B17-4B45-A5A4-DA25E1B7FE1F}.Debug|Any CPU.Build.0 = Debug|Any CPU
		{42D1D60E-7B17-4B45-A5A4-DA25E1B7FE1F}.Release|Any CPU.ActiveCfg = Release|Any CPU
		{42D1D60E-7B17-4B45-A5A4-DA25E1B7FE1F}.Release|Any CPU.Build.0 = Release|Any CPU
	EndGlobalSection
	GlobalSection(SolutionProperties) = preSolution
		HideSolutionNode = FALSE
	EndGlobalSection
	GlobalSection(ExtensibilityGlobals) = postSolution
		SolutionGuid = {70355141-5833-47D7-A223-7B9FF3F9D455}
	EndGlobalSection
EndGlobal
